
Microsoft Visual Studio Solution File, Format Version 12.00
# Visual Studio Version 17
VisualStudioVersion = 17.11.35222.181
MinimumVisualStudioVersion = 10.0.40219.1
Project("{8BC9CEB8-8B4A-11D0-8D11-00A0C91BC942}") = "2. Arithmectic compression", "2. Arithmectic compression\2. Arithmectic compression.vcxproj", "{9C0048DC-600D-4523-A012-8D0EFBA7F648}"
EndProject
Global
	GlobalSection(SolutionConfigurationPlatforms) = preSolution
		Debug|x64 = Debug|x64
		Debug|x86 = Debug|x86
		Release|x64 = Release|x64
		Release|x86 = Release|x86
	EndGlobalSection
	GlobalSection(ProjectConfigurationPlatforms) = postSolution
		{9C0048DC-600D-4523-A012-8D0EFBA7F648}.Debug|x64.ActiveCfg = Debug|x64
		{9C0048DC-600D-4523-A012-8D0EFBA7F648}.Debug|x64.Build.0 = Debug|x64
		{9C0048DC-600D-4523-A012-8D0EFBA7F648}.Debug|x86.ActiveCfg = Debug|Win32
		{9C0048DC-600D-4523-A012-8D0EFBA7F648}.Debug|x86.Build.0 = Debug|Win32
		{9C0048DC-600D-4523-A012-8D0EFBA7F648}.Release|x64.ActiveCfg = Release|x64
		{9C0048DC-600D-4523-A012-8D0EFBA7F648}.Release|x64.Build.0 = Release|x64
		{9C0048DC-600D-4523-A012-8D0EFBA7F648}.Release|x86.ActiveCfg = Release|Win32
		{9C0048DC-600D-4523-A012-8D0EFBA7F648}.Release|x86.Build.0 = Release|Win32
	EndGlobalSection
	GlobalSection(SolutionProperties) = preSolution
		HideSolutionNode = FALSE
	EndGlobalSection
	GlobalSection(ExtensibilityGlobals) = postSolution
		SolutionGuid = {0D58EE23-21F0-4FB7-88A3-5094352C3B4D}
	EndGlobalSection
EndGlobal
